
Microsoft Visual Studio Solution File, Format Version 12.00
# Visual Studio Version 17
VisualStudioVersion = 17.8.34330.188
MinimumVisualStudioVersion = 10.0.40219.1
Project("{FAE04EC0-301F-11D3-BF4B-00C04F79EFBC}") = "telegraph_botnet", "telegraph_botnet.csproj", "{2BEEB28F-2EC8-426F-8BBF-E5BBC6449112}"
EndProject
Global
	GlobalSection(SolutionConfigurationPlatforms) = preSolution
		Debug|Any CPU = Debug|Any CPU
		Release|Any CPU = Release|Any CPU
	EndGlobalSection
	GlobalSection(ProjectConfigurationPlatforms) = postSolution
		{2BEEB28F-2EC8-426F-8BBF-E5BBC6449112}.Debug|Any CPU.ActiveCfg = Debug|Any CPU
		{2BEEB28F-2EC8-426F-8BBF-E5BBC6449112}.Debug|Any CPU.Build.0 = Debug|Any CPU
		{2BEEB28F-2EC8-426F-8BBF-E5BBC6449112}.Release|Any CPU.ActiveCfg = Release|Any CPU
		{2BEEB28F-2EC8-426F-8BBF-E5BBC6449112}.Release|Any CPU.Build.0 = Release|Any CPU
	EndGlobalSection
	GlobalSection(SolutionProperties) = preSolution
		HideSolutionNode = FALSE
	EndGlobalSection
	GlobalSection(ExtensibilityGlobals) = postSolution
		SolutionGuid = {01EFE9AE-5E8A-48ED-BAFC-3BCEAE017880}
	EndGlobalSection
EndGlobal
